
Microsoft Visual Studio Solution File, Format Version 12.00
# Visual Studio Version 17
VisualStudioVersion = 17.10.35122.118
MinimumVisualStudioVersion = 10.0.40219.1
Project("{9A19103F-16F7-4668-BE54-9A1E7A4F7556}") = "Entity", "Entity\Entity.csproj", "{63B48166-A230-48F3-94ED-0C2F070C8752}"
EndProject
Project("{9A19103F-16F7-4668-BE54-9A1E7A4F7556}") = "Repository", "Repository\Repository.csproj", "{E334FEDC-DD37-47E1-8D06-94C77C902CAC}"
EndProject
Project("{9A19103F-16F7-4668-BE54-9A1E7A4F7556}") = "Utilities", "Utilities\Utilities.csproj", "{3A4604D1-DAE1-4C43-9015-FB7A91086FB2}"
EndProject
Project("{9A19103F-16F7-4668-BE54-9A1E7A4F7556}") = "Service", "Service\Service.csproj", "{99F5EFD3-4CD1-43C8-AFCF-29989728A9DF}"
EndProject
Project("{9A19103F-16F7-4668-BE54-9A1E7A4F7556}") = "WebA", "WebA\WebA.csproj", "{092F48B0-F961-4EC2-864F-0C4F54B3B840}"
EndProject
Global
	GlobalSection(SolutionConfigurationPlatforms) = preSolution
		Debug|Any CPU = Debug|Any CPU
		Release|Any CPU = Release|Any CPU
	EndGlobalSection
	GlobalSection(ProjectConfigurationPlatforms) = postSolution
		{63B48166-A230-48F3-94ED-0C2F070C8752}.Debug|Any CPU.ActiveCfg = Debug|Any CPU
		{63B48166-A230-48F3-94ED-0C2F070C8752}.Debug|Any CPU.Build.0 = Debug|Any CPU
		{63B48166-A230-48F3-94ED-0C2F070C8752}.Release|Any CPU.ActiveCfg = Release|Any CPU
		{63B48166-A230-48F3-94ED-0C2F070C8752}.Release|Any CPU.Build.0 = Release|Any CPU
		{E334FEDC-DD37-47E1-8D06-94C77C902CAC}.Debug|Any CPU.ActiveCfg = Debug|Any CPU
		{E334FEDC-DD37-47E1-8D06-94C77C902CAC}.Debug|Any CPU.Build.0 = Debug|Any CPU
		{E334FEDC-DD37-47E1-8D06-94C77C902CAC}.Release|Any CPU.ActiveCfg = Release|Any CPU
		{E334FEDC-DD37-47E1-8D06-94C77C902CAC}.Release|Any CPU.Build.0 = Release|Any CPU
		{3A4604D1-DAE1-4C43-9015-FB7A91086FB2}.Debug|Any CPU.ActiveCfg = Debug|Any CPU
		{3A4604D1-DAE1-4C43-9015-FB7A91086FB2}.Debug|Any CPU.Build.0 = Debug|Any CPU
		{3A4604D1-DAE1-4C43-9015-FB7A91086FB2}.Release|Any CPU.ActiveCfg = Release|Any CPU
		{3A4604D1-DAE1-4C43-9015-FB7A91086FB2}.Release|Any CPU.Build.0 = Release|Any CPU
		{99F5EFD3-4CD1-43C8-AFCF-29989728A9DF}.Debug|Any CPU.ActiveCfg = Debug|Any CPU
		{99F5EFD3-4CD1-43C8-AFCF-29989728A9DF}.Debug|Any CPU.Build.0 = Debug|Any CPU
		{99F5EFD3-4CD1-43C8-AFCF-29989728A9DF}.Release|Any CPU.ActiveCfg = Release|Any CPU
		{99F5EFD3-4CD1-43C8-AFCF-29989728A9DF}.Release|Any CPU.Build.0 = Release|Any CPU
		{092F48B0-F961-4EC2-864F-0C4F54B3B840}.Debug|Any CPU.ActiveCfg = Debug|Any CPU
		{092F48B0-F961-4EC2-864F-0C4F54B3B840}.Debug|Any CPU.Build.0 = Debug|Any CPU
		{092F48B0-F961-4EC2-864F-0C4F54B3B840}.Release|Any CPU.ActiveCfg = Release|Any CPU
		{092F48B0-F961-4EC2-864F-0C4F54B3B840}.Release|Any CPU.Build.0 = Release|Any CPU
	EndGlobalSection
	GlobalSection(SolutionProperties) = preSolution
		HideSolutionNode = FALSE
	EndGlobalSection
	GlobalSection(ExtensibilityGlobals) = postSolution
		SolutionGuid = {0FD5536D-7792-457F-AE18-F30D159F813C}
	EndGlobalSection
EndGlobal
